
Microsoft Visual Studio Solution File, Format Version 12.00
# Visual Studio Version 16
VisualStudioVersion = 16.0.30804.86
MinimumVisualStudioVersion = 10.0.40219.1
Project("{FAE04EC0-301F-11D3-BF4B-00C04F79EFBC}") = "Zadatak2WinForm", "Zadatak2WinForm\Zadatak2WinForm.csproj", "{0BCC4A80-8836-4155-8DAB-638AC830254A}"
EndProject
Global
	GlobalSection(SolutionConfigurationPlatforms) = preSolution
		Debug|Any CPU = Debug|Any CPU
		Release|Any CPU = Release|Any CPU
	EndGlobalSection
	GlobalSection(ProjectConfigurationPlatforms) = postSolution
		{0BCC4A80-8836-4155-8DAB-638AC830254A}.Debug|Any CPU.ActiveCfg = Debug|Any CPU
		{0BCC4A80-8836-4155-8DAB-638AC830254A}.Debug|Any CPU.Build.0 = Debug|Any CPU
		{0BCC4A80-8836-4155-8DAB-638AC830254A}.Release|Any CPU.ActiveCfg = Release|Any CPU
		{0BCC4A80-8836-4155-8DAB-638AC830254A}.Release|Any CPU.Build.0 = Release|Any CPU
	EndGlobalSection
	GlobalSection(SolutionProperties) = preSolution
		HideSolutionNode = FALSE
	EndGlobalSection
	GlobalSection(ExtensibilityGlobals) = postSolution
		SolutionGuid = {81F63A83-CE32-48E7-9B63-B076831A327E}
	EndGlobalSection
EndGlobal
